
Microsoft Visual Studio Solution File, Format Version 12.00
# Visual Studio Version 17
VisualStudioVersion = 17.9.34728.123
MinimumVisualStudioVersion = 10.0.40219.1
Project("{FAE04EC0-301F-11D3-BF4B-00C04F79EFBC}") = "ARTestProject", "ARTestProject\ARTestProject.csproj", "{2225BD96-5A89-4336-AD36-FB60615123C2}"
EndProject
Global
	GlobalSection(SolutionConfigurationPlatforms) = preSolution
		Debug|Any CPU = Debug|Any CPU
		Release|Any CPU = Release|Any CPU
	EndGlobalSection
	GlobalSection(ProjectConfigurationPlatforms) = postSolution
		{2225BD96-5A89-4336-AD36-FB60615123C2}.Debug|Any CPU.ActiveCfg = Debug|Any CPU
		{2225BD96-5A89-4336-AD36-FB60615123C2}.Debug|Any CPU.Build.0 = Debug|Any CPU
		{2225BD96-5A89-4336-AD36-FB60615123C2}.Release|Any CPU.ActiveCfg = Release|Any CPU
		{2225BD96-5A89-4336-AD36-FB60615123C2}.Release|Any CPU.Build.0 = Release|Any CPU
	EndGlobalSection
	GlobalSection(SolutionProperties) = preSolution
		HideSolutionNode = FALSE
	EndGlobalSection
	GlobalSection(ExtensibilityGlobals) = postSolution
		SolutionGuid = {9D127192-4FE2-4BFD-B302-63CE5D41EF19}
	EndGlobalSection
EndGlobal
